
Microsoft Visual Studio Solution File, Format Version 12.00
# Visual Studio Version 17
VisualStudioVersion = 17.5.33530.505
MinimumVisualStudioVersion = 10.0.40219.1
Project("{FAE04EC0-301F-11D3-BF4B-00C04F79EFBC}") = "CloseAboutFormOnDeactivate", "CloseAboutFormOnDeactivate\CloseAboutFormOnDeactivate.csproj", "{7519A114-CADB-4BD0-A282-A1A7C02E677E}"
EndProject
Global
	GlobalSection(SolutionConfigurationPlatforms) = preSolution
		Debug|Any CPU = Debug|Any CPU
		Release|Any CPU = Release|Any CPU
	EndGlobalSection
	GlobalSection(ProjectConfigurationPlatforms) = postSolution
		{7519A114-CADB-4BD0-A282-A1A7C02E677E}.Debug|Any CPU.ActiveCfg = Debug|Any CPU
		{7519A114-CADB-4BD0-A282-A1A7C02E677E}.Debug|Any CPU.Build.0 = Debug|Any CPU
		{7519A114-CADB-4BD0-A282-A1A7C02E677E}.Release|Any CPU.ActiveCfg = Release|Any CPU
		{7519A114-CADB-4BD0-A282-A1A7C02E677E}.Release|Any CPU.Build.0 = Release|Any CPU
	EndGlobalSection
	GlobalSection(SolutionProperties) = preSolution
		HideSolutionNode = FALSE
	EndGlobalSection
	GlobalSection(ExtensibilityGlobals) = postSolution
		SolutionGuid = {63884A3B-5DB9-4051-939F-8CDDF15A7443}
	EndGlobalSection
EndGlobal
